
Microsoft Visual Studio Solution File, Format Version 12.00
# Visual Studio Version 16
VisualStudioVersion = 16.0.30907.101
MinimumVisualStudioVersion = 10.0.40219.1
Project("{FAE04EC0-301F-11D3-BF4B-00C04F79EFBC}") = "AppBindingCommands.Android", "AppBindingCommands\AppBindingCommands.Android\AppBindingCommands.Android.csproj", "{539C9066-12F0-4A70-AD7F-D20578ADFAA3}"
EndProject
Project("{FAE04EC0-301F-11D3-BF4B-00C04F79EFBC}") = "AppBindingCommands.iOS", "AppBindingCommands\AppBindingCommands.iOS\AppBindingCommands.iOS.csproj", "{3C35D11F-628B-4919-BC04-95933874D71B}"
EndProject
Project("{FAE04EC0-301F-11D3-BF4B-00C04F79EFBC}") = "AppBindingCommands", "AppBindingCommands\AppBindingCommands\AppBindingCommands.csproj", "{332C578F-945B-4ABE-8FF0-9592CCE11875}"
EndProject
Global
	GlobalSection(SolutionConfigurationPlatforms) = preSolution
		Debug|Any CPU = Debug|Any CPU
		Debug|iPhone = Debug|iPhone
		Debug|iPhoneSimulator = Debug|iPhoneSimulator
		Release|Any CPU = Release|Any CPU
		Release|iPhone = Release|iPhone
		Release|iPhoneSimulator = Release|iPhoneSimulator
	EndGlobalSection
	GlobalSection(ProjectConfigurationPlatforms) = postSolution
		{539C9066-12F0-4A70-AD7F-D20578ADFAA3}.Debug|Any CPU.ActiveCfg = Debug|Any CPU
		{539C9066-12F0-4A70-AD7F-D20578ADFAA3}.Debug|Any CPU.Build.0 = Debug|Any CPU
		{539C9066-12F0-4A70-AD7F-D20578ADFAA3}.Debug|Any CPU.Deploy.0 = Debug|Any CPU
		{539C9066-12F0-4A70-AD7F-D20578ADFAA3}.Debug|iPhone.ActiveCfg = Debug|Any CPU
		{539C9066-12F0-4A70-AD7F-D20578ADFAA3}.Debug|iPhone.Build.0 = Debug|Any CPU
		{539C9066-12F0-4A70-AD7F-D20578ADFAA3}.Debug|iPhone.Deploy.0 = Debug|Any CPU
		{539C9066-12F0-4A70-AD7F-D20578ADFAA3}.Debug|iPhoneSimulator.ActiveCfg = Debug|Any CPU
		{539C9066-12F0-4A70-AD7F-D20578ADFAA3}.Debug|iPhoneSimulator.Build.0 = Debug|Any CPU
		{539C9066-12F0-4A70-AD7F-D20578ADFAA3}.Debug|iPhoneSimulator.Deploy.0 = Debug|Any CPU
		{539C9066-12F0-4A70-AD7F-D20578ADFAA3}.Release|Any CPU.ActiveCfg = Release|Any CPU
		{539C9066-12F0-4A70-AD7F-D20578ADFAA3}.Release|Any CPU.Build.0 = Release|Any CPU
		{539C9066-12F0-4A70-AD7F-D20578ADFAA3}.Release|Any CPU.Deploy.0 = Release|Any CPU
		{539C9066-12F0-4A70-AD7F-D20578ADFAA3}.Release|iPhone.ActiveCfg = Release|Any CPU
		{539C9066-12F0-4A70-AD7F-D20578ADFAA3}.Release|iPhone.Build.0 = Release|Any CPU
		{539C9066-12F0-4A70-AD7F-D20578ADFAA3}.Release|iPhone.Deploy.0 = Release|Any CPU
		{539C9066-12F0-4A70-AD7F-D20578ADFAA3}.Release|iPhoneSimulator.ActiveCfg = Release|Any CPU
		{539C9066-12F0-4A70-AD7F-D20578ADFAA3}.Release|iPhoneSimulator.Build.0 = Release|Any CPU
		{539C9066-12F0-4A70-AD7F-D20578ADFAA3}.Release|iPhoneSimulator.Deploy.0 = Release|Any CPU
		{3C35D11F-628B-4919-BC04-95933874D71B}.Debug|Any CPU.ActiveCfg = Debug|iPhone
		{3C35D11F-628B-4919-BC04-95933874D71B}.Debug|Any CPU.Build.0 = Debug|iPhone
		{3C35D11F-628B-4919-BC04-95933874D71B}.Debug|Any CPU.Deploy.0 = Debug|iPhone
		{3C35D11F-628B-4919-BC04-95933874D71B}.Debug|iPhone.ActiveCfg = Debug|iPhone
		{3C35D11F-628B-4919-BC04-95933874D71B}.Debug|iPhone.Build.0 = Debug|iPhone
		{3C35D11F-628B-4919-BC04-95933874D71B}.Debug|iPhone.Deploy.0 = Debug|iPhone
		{3C35D11F-628B-4919-BC04-95933874D71B}.Debug|iPhoneSimulator.ActiveCfg = Debug|iPhoneSimulator
		{3C35D11F-628B-4919-BC04-95933874D71B}.Debug|iPhoneSimulator.Build.0 = Debug|iPhoneSimulator
		{3C35D11F-628B-4919-BC04-95933874D71B}.Debug|iPhoneSimulator.Deploy.0 = Debug|iPhoneSimulator
		{3C35D11F-628B-4919-BC04-95933874D71B}.Release|Any CPU.ActiveCfg = Release|iPhoneSimulator
		{3C35D11F-628B-4919-BC04-95933874D71B}.Release|Any CPU.Build.0 = Release|iPhoneSimulator
		{3C35D11F-628B-4919-BC04-95933874D71B}.Release|Any CPU.Deploy.0 = Release|iPhoneSimulator
		{3C35D11F-628B-4919-BC04-95933874D71B}.Release|iPhone.ActiveCfg = Release|iPhone
		{3C35D11F-628B-4919-BC04-95933874D71B}.Release|iPhone.Build.0 = Release|iPhone
		{3C35D11F-628B-4919-BC04-95933874D71B}.Release|iPhone.Deploy.0 = Release|iPhone
		{3C35D11F-628B-4919-BC04-95933874D71B}.Release|iPhoneSimulator.ActiveCfg = Release|iPhoneSimulator
		{3C35D11F-628B-4919-BC04-95933874D71B}.Release|iPhoneSimulator.Build.0 = Release|iPhoneSimulator
		{3C35D11F-628B-4919-BC04-95933874D71B}.Release|iPhoneSimulator.Deploy.0 = Release|iPhoneSimulator
		{332C578F-945B-4ABE-8FF0-9592CCE11875}.Debug|Any CPU.ActiveCfg = Debug|Any CPU
		{332C578F-945B-4ABE-8FF0-9592CCE11875}.Debug|Any CPU.Build.0 = Debug|Any CPU
		{332C578F-945B-4ABE-8FF0-9592CCE11875}.Debug|Any CPU.Deploy.0 = Debug|Any CPU
		{332C578F-945B-4ABE-8FF0-9592CCE11875}.Debug|iPhone.ActiveCfg = Debug|Any CPU
		{332C578F-945B-4ABE-8FF0-9592CCE11875}.Debug|iPhone.Build.0 = Debug|Any CPU
		{332C578F-945B-4ABE-8FF0-9592CCE11875}.Debug|iPhone.Deploy.0 = Debug|Any CPU
		{332C578F-945B-4ABE-8FF0-9592CCE11875}.Debug|iPhoneSimulator.ActiveCfg = Debug|Any CPU
		{332C578F-945B-4ABE-8FF0-9592CCE11875}.Debug|iPhoneSimulator.Build.0 = Debug|Any CPU
		{332C578F-945B-4ABE-8FF0-9592CCE11875}.Debug|iPhoneSimulator.Deploy.0 = Debug|Any CPU
		{332C578F-945B-4ABE-8FF0-9592CCE11875}.Release|Any CPU.ActiveCfg = Release|Any CPU
		{332C578F-945B-4ABE-8FF0-9592CCE11875}.Release|Any CPU.Build.0 = Release|Any CPU
		{332C578F-945B-4ABE-8FF0-9592CCE11875}.Release|Any CPU.Deploy.0 = Release|Any CPU
		{332C578F-945B-4ABE-8FF0-9592CCE11875}.Release|iPhone.ActiveCfg = Release|Any CPU
		{332C578F-945B-4ABE-8FF0-9592CCE11875}.Release|iPhone.Build.0 = Release|Any CPU
		{332C578F-945B-4ABE-8FF0-9592CCE11875}.Release|iPhone.Deploy.0 = Release|Any CPU
		{332C578F-945B-4ABE-8FF0-9592CCE11875}.Release|iPhoneSimulator.ActiveCfg = Release|Any CPU
		{332C578F-945B-4ABE-8FF0-9592CCE11875}.Release|iPhoneSimulator.Build.0 = Release|Any CPU
		{332C578F-945B-4ABE-8FF0-9592CCE11875}.Release|iPhoneSimulator.Deploy.0 = Release|Any CPU
	EndGlobalSection
	GlobalSection(SolutionProperties) = preSolution
		HideSolutionNode = FALSE
	EndGlobalSection
	GlobalSection(ExtensibilityGlobals) = postSolution
		SolutionGuid = {B231A410-F57F-442D-940F-27B33DC130AA}
	EndGlobalSection
EndGlobal
